
Microsoft Visual Studio Solution File, Format Version 12.00
# Visual Studio Version 16
VisualStudioVersion = 16.0.30011.22
MinimumVisualStudioVersion = 10.0.40219.1
Project("{8BC9CEB8-8B4A-11D0-8D11-00A0C91BC942}") = "Hello", "Hello\Hello.vcxproj", "{0CBC2123-4854-43C1-9783-5373AEE983C4}"
EndProject
Project("{8BC9CEB8-8B4A-11D0-8D11-00A0C91BC942}") = "InputOutput", "InputOutput\InputOutput.vcxproj", "{570D2922-E85E-4211-B276-F6530B0AB2E5}"
EndProject
Project("{8BC9CEB8-8B4A-11D0-8D11-00A0C91BC942}") = "Function", "Function\Function.vcxproj", "{EDA34AD9-0348-4959-908A-8F9D121E530D}"
EndProject
Project("{8BC9CEB8-8B4A-11D0-8D11-00A0C91BC942}") = "ForLoop", "ForLoop\ForLoop.vcxproj", "{9719D7A3-6498-4503-8A12-71AB43A8CF99}"
EndProject
Project("{8BC9CEB8-8B4A-11D0-8D11-00A0C91BC942}") = "Array", "Array\Array.vcxproj", "{3634A23E-D019-4E78-A80B-77536919308F}"
EndProject
Project("{8BC9CEB8-8B4A-11D0-8D11-00A0C91BC942}") = "Pointer", "Pointer\Pointer.vcxproj", "{37490AAA-DBAB-49AB-830A-B13CC1EC283F}"
EndProject
Project("{8BC9CEB8-8B4A-11D0-8D11-00A0C91BC942}") = "ClassesObjects", "ClassesObjects\ClassesObjects.vcxproj", "{B787A0B9-25FE-417C-BD79-7E26E0BBFA5E}"
EndProject
Project("{8BC9CEB8-8B4A-11D0-8D11-00A0C91BC942}") = "Inheritance", "Inheritance\Inheritance.vcxproj", "{84BEA9FC-435E-456E-9BAD-59CCFCC03B2B}"
EndProject
Project("{8BC9CEB8-8B4A-11D0-8D11-00A0C91BC942}") = "Polymorphism", "Polymorphism\Polymorphism.vcxproj", "{58CBB6FF-82CC-406B-B96F-E6172AF5C8DC}"
EndProject
Project("{8BC9CEB8-8B4A-11D0-8D11-00A0C91BC942}") = "DataStructures", "DataStructures\DataStructures.vcxproj", "{7F1BED75-1884-4C34-87F1-892E72DE3948}"
EndProject
Project("{8BC9CEB8-8B4A-11D0-8D11-00A0C91BC942}") = "DataTime", "DataTime\DataTime.vcxproj", "{EF1A8E09-DB03-402A-8417-80D12C91DA1C}"
EndProject
Project("{8BC9CEB8-8B4A-11D0-8D11-00A0C91BC942}") = "Multithreading", "Multithreading\Multithreading.vcxproj", "{536287CA-1B27-4869-AD62-F8969CE66799}"
EndProject
Project("{8BC9CEB8-8B4A-11D0-8D11-00A0C91BC942}") = "For99Loop", "For99Loop\For99Loop.vcxproj", "{382D7DDC-8206-4D29-8C88-55D70869680F}"
EndProject
Global
	GlobalSection(SolutionConfigurationPlatforms) = preSolution
		Debug|x64 = Debug|x64
		Debug|x86 = Debug|x86
		Release|x64 = Release|x64
		Release|x86 = Release|x86
	EndGlobalSection
	GlobalSection(ProjectConfigurationPlatforms) = postSolution
		{0CBC2123-4854-43C1-9783-5373AEE983C4}.Debug|x64.ActiveCfg = Debug|x64
		{0CBC2123-4854-43C1-9783-5373AEE983C4}.Debug|x64.Build.0 = Debug|x64
		{0CBC2123-4854-43C1-9783-5373AEE983C4}.Debug|x86.ActiveCfg = Debug|Win32
		{0CBC2123-4854-43C1-9783-5373AEE983C4}.Debug|x86.Build.0 = Debug|Win32
		{0CBC2123-4854-43C1-9783-5373AEE983C4}.Release|x64.ActiveCfg = Release|x64
		{0CBC2123-4854-43C1-9783-5373AEE983C4}.Release|x64.Build.0 = Release|x64
		{0CBC2123-4854-43C1-9783-5373AEE983C4}.Release|x86.ActiveCfg = Release|Win32
		{0CBC2123-4854-43C1-9783-5373AEE983C4}.Release|x86.Build.0 = Release|Win32
		{570D2922-E85E-4211-B276-F6530B0AB2E5}.Debug|x64.ActiveCfg = Debug|x64
		{570D2922-E85E-4211-B276-F6530B0AB2E5}.Debug|x64.Build.0 = Debug|x64
		{570D2922-E85E-4211-B276-F6530B0AB2E5}.Debug|x86.ActiveCfg = Debug|Win32
		{570D2922-E85E-4211-B276-F6530B0AB2E5}.Debug|x86.Build.0 = Debug|Win32
		{570D2922-E85E-4211-B276-F6530B0AB2E5}.Release|x64.ActiveCfg = Release|x64
		{570D2922-E85E-4211-B276-F6530B0AB2E5}.Release|x64.Build.0 = Release|x64
		{570D2922-E85E-4211-B276-F6530B0AB2E5}.Release|x86.ActiveCfg = Release|Win32
		{570D2922-E85E-4211-B276-F6530B0AB2E5}.Release|x86.Build.0 = Release|Win32
		{EDA34AD9-0348-4959-908A-8F9D121E530D}.Debug|x64.ActiveCfg = Debug|x64
		{EDA34AD9-0348-4959-908A-8F9D121E530D}.Debug|x64.Build.0 = Debug|x64
		{EDA34AD9-0348-4959-908A-8F9D121E530D}.Debug|x86.ActiveCfg = Debug|Win32
		{EDA34AD9-0348-4959-908A-8F9D121E530D}.Debug|x86.Build.0 = Debug|Win32
		{EDA34AD9-0348-4959-908A-8F9D121E530D}.Release|x64.ActiveCfg = Release|x64
		{EDA34AD9-0348-4959-908A-8F9D121E530D}.Release|x64.Build.0 = Release|x64
		{EDA34AD9-0348-4959-908A-8F9D121E530D}.Release|x86.ActiveCfg = Release|Win32
		{EDA34AD9-0348-4959-908A-8F9D121E530D}.Release|x86.Build.0 = Release|Win32
		{9719D7A3-6498-4503-8A12-71AB43A8CF99}.Debug|x64.ActiveCfg = Debug|x64
		{9719D7A3-6498-4503-8A12-71AB43A8CF99}.Debug|x64.Build.0 = Debug|x64
		{9719D7A3-6498-4503-8A12-71AB43A8CF99}.Debug|x86.ActiveCfg = Debug|Win32
		{9719D7A3-6498-4503-8A12-71AB43A8CF99}.Debug|x86.Build.0 = Debug|Win32
		{9719D7A3-6498-4503-8A12-71AB43A8CF99}.Release|x64.ActiveCfg = Release|x64
		{9719D7A3-6498-4503-8A12-71AB43A8CF99}.Release|x64.Build.0 = Release|x64
		{9719D7A3-6498-4503-8A12-71AB43A8CF99}.Release|x86.ActiveCfg = Release|Win32
		{9719D7A3-6498-4503-8A12-71AB43A8CF99}.Release|x86.Build.0 = Release|Win32
		{3634A23E-D019-4E78-A80B-77536919308F}.Debug|x64.ActiveCfg = Debug|x64
		{3634A23E-D019-4E78-A80B-77536919308F}.Debug|x64.Build.0 = Debug|x64
		{3634A23E-D019-4E78-A80B-77536919308F}.Debug|x86.ActiveCfg = Debug|Win32
		{3634A23E-D019-4E78-A80B-77536919308F}.Debug|x86.Build.0 = Debug|Win32
		{3634A23E-D019-4E78-A80B-77536919308F}.Release|x64.ActiveCfg = Release|x64
		{3634A23E-D019-4E78-A80B-77536919308F}.Release|x64.Build.0 = Release|x64
		{3634A23E-D019-4E78-A80B-77536919308F}.Release|x86.ActiveCfg = Release|Win32
		{3634A23E-D019-4E78-A80B-77536919308F}.Release|x86.Build.0 = Release|Win32
		{37490AAA-DBAB-49AB-830A-B13CC1EC283F}.Debug|x64.ActiveCfg = Debug|x64
		{37490AAA-DBAB-49AB-830A-B13CC1EC283F}.Debug|x64.Build.0 = Debug|x64
		{37490AAA-DBAB-49AB-830A-B13CC1EC283F}.Debug|x86.ActiveCfg = Debug|Win32
		{37490AAA-DBAB-49AB-830A-B13CC1EC283F}.Debug|x86.Build.0 = Debug|Win32
		{37490AAA-DBAB-49AB-830A-B13CC1EC283F}.Release|x64.ActiveCfg = Release|x64
		{37490AAA-DBAB-49AB-830A-B13CC1EC283F}.Release|x64.Build.0 = Release|x64
		{37490AAA-DBAB-49AB-830A-B13CC1EC283F}.Release|x86.ActiveCfg = Release|Win32
		{37490AAA-DBAB-49AB-830A-B13CC1EC283F}.Release|x86.Build.0 = Release|Win32
		{B787A0B9-25FE-417C-BD79-7E26E0BBFA5E}.Debug|x64.ActiveCfg = Debug|x64
		{B787A0B9-25FE-417C-BD79-7E26E0BBFA5E}.Debug|x64.Build.0 = Debug|x64
		{B787A0B9-25FE-417C-BD79-7E26E0BBFA5E}.Debug|x86.ActiveCfg = Debug|Win32
		{B787A0B9-25FE-417C-BD79-7E26E0BBFA5E}.Debug|x86.Build.0 = Debug|Win32
		{B787A0B9-25FE-417C-BD79-7E26E0BBFA5E}.Release|x64.ActiveCfg = Release|x64
		{B787A0B9-25FE-417C-BD79-7E26E0BBFA5E}.Release|x64.Build.0 = Release|x64
		{B787A0B9-25FE-417C-BD79-7E26E0BBFA5E}.Release|x86.ActiveCfg = Release|Win32
		{B787A0B9-25FE-417C-BD79-7E26E0BBFA5E}.Release|x86.Build.0 = Release|Win32
		{84BEA9FC-435E-456E-9BAD-59CCFCC03B2B}.Debug|x64.ActiveCfg = Debug|x64
		{84BEA9FC-435E-456E-9BAD-59CCFCC03B2B}.Debug|x64.Build.0 = Debug|x64
		{84BEA9FC-435E-456E-9BAD-59CCFCC03B2B}.Debug|x86.ActiveCfg = Debug|Win32
		{84BEA9FC-435E-456E-9BAD-59CCFCC03B2B}.Debug|x86.Build.0 = Debug|Win32
		{84BEA9FC-435E-456E-9BAD-59CCFCC03B2B}.Release|x64.ActiveCfg = Release|x64
		{84BEA9FC-435E-456E-9BAD-59CCFCC03B2B}.Release|x64.Build.0 = Release|x64
		{84BEA9FC-435E-456E-9BAD-59CCFCC03B2B}.Release|x86.ActiveCfg = Release|Win32
		{84BEA9FC-435E-456E-9BAD-59CCFCC03B2B}.Release|x86.Build.0 = Release|Win32
		{58CBB6FF-82CC-406B-B96F-E6172AF5C8DC}.Debug|x64.ActiveCfg = Debug|x64
		{58CBB6FF-82CC-406B-B96F-E6172AF5C8DC}.Debug|x64.Build.0 = Debug|x64
		{58CBB6FF-82CC-406B-B96F-E6172AF5C8DC}.Debug|x86.ActiveCfg = Debug|Win32
		{58CBB6FF-82CC-406B-B96F-E6172AF5C8DC}.Debug|x86.Build.0 = Debug|Win32
		{58CBB6FF-82CC-406B-B96F-E6172AF5C8DC}.Release|x64.ActiveCfg = Release|x64
		{58CBB6FF-82CC-406B-B96F-E6172AF5C8DC}.Release|x64.Build.0 = Release|x64
		{58CBB6FF-82CC-406B-B96F-E6172AF5C8DC}.Release|x86.ActiveCfg = Release|Win32
		{58CBB6FF-82CC-406B-B96F-E6172AF5C8DC}.Release|x86.Build.0 = Release|Win32
		{7F1BED75-1884-4C34-87F1-892E72DE3948}.Debug|x64.ActiveCfg = Debug|x64
		{7F1BED75-1884-4C34-87F1-892E72DE3948}.Debug|x64.Build.0 = Debug|x64
		{7F1BED75-1884-4C34-87F1-892E72DE3948}.Debug|x86.ActiveCfg = Debug|Win32
		{7F1BED75-1884-4C34-87F1-892E72DE3948}.Debug|x86.Build.0 = Debug|Win32
		{7F1BED75-1884-4C34-87F1-892E72DE3948}.Release|x64.ActiveCfg = Release|x64
		{7F1BED75-1884-4C34-87F1-892E72DE3948}.Release|x64.Build.0 = Release|x64
		{7F1BED75-1884-4C34-87F1-892E72DE3948}.Release|x86.ActiveCfg = Release|Win32
		{7F1BED75-1884-4C34-87F1-892E72DE3948}.Release|x86.Build.0 = Release|Win32
		{EF1A8E09-DB03-402A-8417-80D12C91DA1C}.Debug|x64.ActiveCfg = Debug|x64
		{EF1A8E09-DB03-402A-8417-80D12C91DA1C}.Debug|x64.Build.0 = Debug|x64
		{EF1A8E09-DB03-402A-8417-80D12C91DA1C}.Debug|x86.ActiveCfg = Debug|Win32
		{EF1A8E09-DB03-402A-8417-80D12C91DA1C}.Debug|x86.Build.0 = Debug|Win32
		{EF1A8E09-DB03-402A-8417-80D12C91DA1C}.Release|x64.ActiveCfg = Release|x64
		{EF1A8E09-DB03-402A-8417-80D12C91DA1C}.Release|x64.Build.0 = Release|x64
		{EF1A8E09-DB03-402A-8417-80D12C91DA1C}.Release|x86.ActiveCfg = Release|Win32
		{EF1A8E09-DB03-402A-8417-80D12C91DA1C}.Release|x86.Build.0 = Release|Win32
		{536287CA-1B27-4869-AD62-F8969CE66799}.Debug|x64.ActiveCfg = Debug|x64
		{536287CA-1B27-4869-AD62-F8969CE66799}.Debug|x64.Build.0 = Debug|x64
		{536287CA-1B27-4869-AD62-F8969CE66799}.Debug|x86.ActiveCfg = Debug|Win32
		{536287CA-1B27-4869-AD62-F8969CE66799}.Debug|x86.Build.0 = Debug|Win32
		{536287CA-1B27-4869-AD62-F8969CE66799}.Release|x64.ActiveCfg = Release|x64
		{536287CA-1B27-4869-AD62-F8969CE66799}.Release|x64.Build.0 = Release|x64
		{536287CA-1B27-4869-AD62-F8969CE66799}.Release|x86.ActiveCfg = Release|Win32
		{536287CA-1B27-4869-AD62-F8969CE66799}.Release|x86.Build.0 = Release|Win32
		{382D7DDC-8206-4D29-8C88-55D70869680F}.Debug|x64.ActiveCfg = Debug|x64
		{382D7DDC-8206-4D29-8C88-55D70869680F}.Debug|x64.Build.0 = Debug|x64
		{382D7DDC-8206-4D29-8C88-55D70869680F}.Debug|x86.ActiveCfg = Debug|Win32
		{382D7DDC-8206-4D29-8C88-55D70869680F}.Debug|x86.Build.0 = Debug|Win32
		{382D7DDC-8206-4D29-8C88-55D70869680F}.Release|x64.ActiveCfg = Release|x64
		{382D7DDC-8206-4D29-8C88-55D70869680F}.Release|x64.Build.0 = Release|x64
		{382D7DDC-8206-4D29-8C88-55D70869680F}.Release|x86.ActiveCfg = Release|Win32
		{382D7DDC-8206-4D29-8C88-55D70869680F}.Release|x86.Build.0 = Release|Win32
	EndGlobalSection
	GlobalSection(SolutionProperties) = preSolution
		HideSolutionNode = FALSE
	EndGlobalSection
	GlobalSection(ExtensibilityGlobals) = postSolution
		SolutionGuid = {AE9B49FD-A65F-4E1C-9733-4000E739F668}
	EndGlobalSection
EndGlobal
